
Microsoft Visual Studio Solution File, Format Version 12.00
# Visual Studio 15
VisualStudioVersion = 15.0.27130.2036
MinimumVisualStudioVersion = 10.0.40219.1
Project("{FAE04EC0-301F-11D3-BF4B-00C04F79EFBC}") = "ADCAvl", "ADCAvl\ADCAvl.csproj", "{158A3401-0433-40B7-8814-3DE9BCCEE44F}"
EndProject
Global
	GlobalSection(SolutionConfigurationPlatforms) = preSolution
		Debug|Any CPU = Debug|Any CPU
		Release|Any CPU = Release|Any CPU
	EndGlobalSection
	GlobalSection(ProjectConfigurationPlatforms) = postSolution
		{158A3401-0433-40B7-8814-3DE9BCCEE44F}.Debug|Any CPU.ActiveCfg = Debug|Any CPU
		{158A3401-0433-40B7-8814-3DE9BCCEE44F}.Debug|Any CPU.Build.0 = Debug|Any CPU
		{158A3401-0433-40B7-8814-3DE9BCCEE44F}.Release|Any CPU.ActiveCfg = Release|Any CPU
		{158A3401-0433-40B7-8814-3DE9BCCEE44F}.Release|Any CPU.Build.0 = Release|Any CPU
	EndGlobalSection
	GlobalSection(SolutionProperties) = preSolution
		HideSolutionNode = FALSE
	EndGlobalSection
	GlobalSection(ExtensibilityGlobals) = postSolution
		SolutionGuid = {0CE1A456-686E-451E-9C0B-F3EBC400BAC9}
	EndGlobalSection
EndGlobal
